
Microsoft Visual Studio Solution File, Format Version 12.00
# Visual Studio Version 17
VisualStudioVersion = 17.0.31903.59
MinimumVisualStudioVersion = 10.0.40219.1
Project("{FAE04EC0-301F-11D3-BF4B-00C04F79EFBC}") = "Raft.Client", "Raft.Client\Raft.Client.csproj", "{9EE2CED7-4154-4E3A-B8DA-FAE06B0B756A}"
EndProject
Project("{FAE04EC0-301F-11D3-BF4B-00C04F79EFBC}") = "Raft.Client.Test", "Raft.Client.Test\Raft.Client.Test.csproj", "{9ADB49E9-C32C-4BBE-9DD3-F6319E81B3F4}"
EndProject
Project("{FAE04EC0-301F-11D3-BF4B-00C04F79EFBC}") = "Raft.Demo", "Raft.Demo\Raft.Demo.csproj", "{3674A0D4-3E99-49A2-976D-A78538F9747D}"
EndProject
Global
	GlobalSection(SolutionConfigurationPlatforms) = preSolution
		Debug|Any CPU = Debug|Any CPU
		Release|Any CPU = Release|Any CPU
	EndGlobalSection
	GlobalSection(SolutionProperties) = preSolution
		HideSolutionNode = FALSE
	EndGlobalSection
	GlobalSection(ProjectConfigurationPlatforms) = postSolution
		{9EE2CED7-4154-4E3A-B8DA-FAE06B0B756A}.Debug|Any CPU.ActiveCfg = Debug|Any CPU
		{9EE2CED7-4154-4E3A-B8DA-FAE06B0B756A}.Debug|Any CPU.Build.0 = Debug|Any CPU
		{9EE2CED7-4154-4E3A-B8DA-FAE06B0B756A}.Release|Any CPU.ActiveCfg = Release|Any CPU
		{9EE2CED7-4154-4E3A-B8DA-FAE06B0B756A}.Release|Any CPU.Build.0 = Release|Any CPU
		{9ADB49E9-C32C-4BBE-9DD3-F6319E81B3F4}.Debug|Any CPU.ActiveCfg = Debug|Any CPU
		{9ADB49E9-C32C-4BBE-9DD3-F6319E81B3F4}.Debug|Any CPU.Build.0 = Debug|Any CPU
		{9ADB49E9-C32C-4BBE-9DD3-F6319E81B3F4}.Release|Any CPU.ActiveCfg = Release|Any CPU
		{9ADB49E9-C32C-4BBE-9DD3-F6319E81B3F4}.Release|Any CPU.Build.0 = Release|Any CPU
		{3674A0D4-3E99-49A2-976D-A78538F9747D}.Debug|Any CPU.ActiveCfg = Debug|Any CPU
		{3674A0D4-3E99-49A2-976D-A78538F9747D}.Debug|Any CPU.Build.0 = Debug|Any CPU
		{3674A0D4-3E99-49A2-976D-A78538F9747D}.Release|Any CPU.ActiveCfg = Release|Any CPU
		{3674A0D4-3E99-49A2-976D-A78538F9747D}.Release|Any CPU.Build.0 = Release|Any CPU
	EndGlobalSection
EndGlobal
