
Microsoft Visual Studio Solution File, Format Version 12.00
# Visual Studio Version 17
VisualStudioVersion = 17.0.31903.59
MinimumVisualStudioVersion = 10.0.40219.1
Project("{FAE04EC0-301F-11D3-BF4B-00C04F79EFBC}") = "raft.client", "raft.client\raft.client.csproj", "{6728334B-4B24-42E5-B43F-0E813C6F4010}"
EndProject
Project("{FAE04EC0-301F-11D3-BF4B-00C04F79EFBC}") = "raft.client.test", "raft.client.test\raft.client.test.csproj", "{351B2E54-B7DF-48C1-84C5-0E901910031B}"
EndProject
Project("{FAE04EC0-301F-11D3-BF4B-00C04F79EFBC}") = "raft.demo", "raft.demo\raft.demo.csproj", "{A1B2C3D4-E5F6-7890-ABCD-EF1234567890}"
EndProject
Global
	GlobalSection(SolutionConfigurationPlatforms) = preSolution
		Debug|Any CPU = Debug|Any CPU
		Release|Any CPU = Release|Any CPU
	EndGlobalSection
	GlobalSection(SolutionProperties) = preSolution
		HideSolutionNode = FALSE
	EndGlobalSection
	GlobalSection(ProjectConfigurationPlatforms) = postSolution
		{6728334B-4B24-42E5-B43F-0E813C6F4010}.Debug|Any CPU.ActiveCfg = Debug|Any CPU
		{6728334B-4B24-42E5-B43F-0E813C6F4010}.Debug|Any CPU.Build.0 = Debug|Any CPU
		{6728334B-4B24-42E5-B43F-0E813C6F4010}.Release|Any CPU.ActiveCfg = Release|Any CPU
		{6728334B-4B24-42E5-B43F-0E813C6F4010}.Release|Any CPU.Build.0 = Release|Any CPU
		{351B2E54-B7DF-48C1-84C5-0E901910031B}.Debug|Any CPU.ActiveCfg = Debug|Any CPU
		{351B2E54-B7DF-48C1-84C5-0E901910031B}.Debug|Any CPU.Build.0 = Debug|Any CPU
		{351B2E54-B7DF-48C1-84C5-0E901910031B}.Release|Any CPU.ActiveCfg = Release|Any CPU
		{351B2E54-B7DF-48C1-84C5-0E901910031B}.Release|Any CPU.Build.0 = Release|Any CPU
		{A1B2C3D4-E5F6-7890-ABCD-EF1234567890}.Debug|Any CPU.ActiveCfg = Debug|Any CPU
		{A1B2C3D4-E5F6-7890-ABCD-EF1234567890}.Debug|Any CPU.Build.0 = Debug|Any CPU
		{A1B2C3D4-E5F6-7890-ABCD-EF1234567890}.Release|Any CPU.ActiveCfg = Release|Any CPU
		{A1B2C3D4-E5F6-7890-ABCD-EF1234567890}.Release|Any CPU.Build.0 = Release|Any CPU
	EndGlobalSection
EndGlobal
